Microsoft Visual Studio Solution File, Format Version 12.00
# Visual Studio 15
VisualStudioVersion = 15.0.27703.2026
MinimumVisualStudioVersion = 10.0.40219.1
Project("{8BC9CEB8-8B4A-11D0-8D11-00A0C91BC942}") = "engine", "engine\engine.vcxproj", "{AAD2642D-D07A-4415-BB32-D678D89D546F}"
EndProject
Project("{8BC9CEB8-8B4A-11D0-8D11-00A0C91BC942}") = "FileZilla", "interface\interface.vcxproj", "{760BA430-BB7F-44AB-9542-F8705CAFF92B}"
	ProjectSection(ProjectDependencies) = postProject
		{AAD2642D-D07A-4415-BB32-D678D89D546F} = {AAD2642D-D07A-4415-BB32-D678D89D546F}
		{593A4FB1-1787-4192-BF73-9C43BF8FC142} = {593A4FB1-1787-4192-BF73-9C43BF8FC142}
	EndProjectSection
EndProject
Project("{8BC9CEB8-8B4A-11D0-8D11-00A0C91BC942}") = "pugixml", "pugixml\pugixml.vcxproj", "{593A4FB1-1787-4192-BF73-9C43BF8FC142}"
EndProject
Project("{2150E333-8FDC-42A3-9474-1A3956D46DE8}") = "Solution Items", "Solution Items", "{A46BE87D-2CB7-428D-887D-32D3F628206D}"
EndProject
Global
	GlobalSection(SolutionConfigurationPlatforms) = preSolution
		Debug|x64 = Debug|x64
		Release|x64 = Release|x64
	EndGlobalSection
	GlobalSection(ProjectConfigurationPlatforms) = postSolution
		{AAD2642D-D07A-4415-BB32-D678D89D546F}.Debug|x64.ActiveCfg = Debug|x64
		{AAD2642D-D07A-4415-BB32-D678D89D546F}.Debug|x64.Build.0 = Debug|x64
		{AAD2642D-D07A-4415-BB32-D678D89D546F}.Release|x64.ActiveCfg = Release|x64
		{AAD2642D-D07A-4415-BB32-D678D89D546F}.Release|x64.Build.0 = Release|x64
		{760BA430-BB7F-44AB-9542-F8705CAFF92B}.Debug|x64.ActiveCfg = Debug|x64
		{760BA430-BB7F-44AB-9542-F8705CAFF92B}.Debug|x64.Build.0 = Debug|x64
		{760BA430-BB7F-44AB-9542-F8705CAFF92B}.Release|x64.ActiveCfg = Release|x64
		{760BA430-BB7F-44AB-9542-F8705CAFF92B}.Release|x64.Build.0 = Release|x64
		{593A4FB1-1787-4192-BF73-9C43BF8FC142}.Debug|x64.ActiveCfg = Debug|x64
		{593A4FB1-1787-4192-BF73-9C43BF8FC142}.Debug|x64.Build.0 = Debug|x64
		{593A4FB1-1787-4192-BF73-9C43BF8FC142}.Release|x64.ActiveCfg = Release|x64
		{593A4FB1-1787-4192-BF73-9C43BF8FC142}.Release|x64.Build.0 = Release|x64
	EndGlobalSection
	GlobalSection(SolutionProperties) = preSolution
		HideSolutionNode = FALSE
	EndGlobalSection
	GlobalSection(ExtensibilityGlobals) = postSolution
		SolutionGuid = {DE9E2615-C50F-41F2-94E5-EED398F7F623}
	EndGlobalSection
	GlobalSection(Performance) = preSolution
		HasPerformanceSessions = true
	EndGlobalSection
EndGlobal
